// !$*UTF8*$!
{
	archiveVersion = 1;
	classes = {
	};
	objectVersion = 55;
	objects = {

/* Begin PBXBuildFile section */
		4C21552D2839DDBC000B1F1A /* AppDelegate.swift in Sources */ = {isa = PBXBuildFile; fileRef = 4C21552C2839DDBC000B1F1A /* AppDelegate.swift */; };
		4C21552F2839DDBC000B1F1A /* SceneDelegate.swift in Sources */ = {isa = PBXBuildFile; fileRef = 4C21552E2839DDBC000B1F1A /* SceneDelegate.swift */; };
		4C2155342839DDBC000B1F1A /* Main.storyboard in Resources */ = {isa = PBXBuildFile; fileRef = 4C2155322839DDBC000B1F1A /* Main.storyboard */; };
		4C2155362839DDBC000B1F1A /* Assets.xcassets in Resources */ = {isa = PBXBuildFile; fileRef = 4C2155352839DDBC000B1F1A /* Assets.xcassets */; };
		4C2155392839DDBC000B1F1A /* LaunchScreen.storyboard in Resources */ = {isa = PBXBuildFile; fileRef = 4C2155372839DDBC000B1F1A /* LaunchScreen.storyboard */; };
		4C2155412839E67D000B1F1A /* LoginViewController.swift in Sources */ = {isa = PBXBuildFile; fileRef = 4C2155402839E67D000B1F1A /* LoginViewController.swift */; };
		4C3B1F44283A0821002845DD /* MailCodeViewController.swift in Sources */ = {isa = PBXBuildFile; fileRef = 4C3B1F43283A0821002845DD /* MailCodeViewController.swift */; };
		4C3B1F46283A0876002845DD /* EnterMailViewController.swift in Sources */ = {isa = PBXBuildFile; fileRef = 4C3B1F45283A0876002845DD /* EnterMailViewController.swift */; };
		4C3B1F48283A08F2002845DD /* PasswordChangeViewController.swift in Sources */ = {isa = PBXBuildFile; fileRef = 4C3B1F47283A08F2002845DD /* PasswordChangeViewController.swift */; };
		4C7903CF288B4A3500B5DDF4 /* NewRegisterViewController.swift in Sources */ = {isa = PBXBuildFile; fileRef = 4C7903CE288B4A3500B5DDF4 /* NewRegisterViewController.swift */; };
		4C7903D5288B54F900B5DDF4 /* FirebaseAuth in Frameworks */ = {isa = PBXBuildFile; productRef = 4C7903D4288B54F900B5DDF4 /* FirebaseAuth */; };
		4C7903D7288B54F900B5DDF4 /* FirebaseDatabase in Frameworks */ = {isa = PBXBuildFile; productRef = 4C7903D6288B54F900B5DDF4 /* FirebaseDatabase */; };
		4C7903D9288B54F900B5DDF4 /* FirebaseFirestore in Frameworks */ = {isa = PBXBuildFile; productRef = 4C7903D8288B54F900B5DDF4 /* FirebaseFirestore */; };
		4C7903DB288B54F900B5DDF4 /* FirebaseStorage in Frameworks */ = {isa = PBXBuildFile; productRef = 4C7903DA288B54F900B5DDF4 /* FirebaseStorage */; };
		4C7903DD288B581700B5DDF4 /* GoogleService-Info.plist in Resources */ = {isa = PBXBuildFile; fileRef = 4C7903DC288B581700B5DDF4 /* GoogleService-Info.plist */; };
		4C7903E1288B6C3700B5DDF4 /* MainScreenViewController.swift in Sources */ = {isa = PBXBuildFile; fileRef = 4C7903E0288B6C3700B5DDF4 /* MainScreenViewController.swift */; };
		4C7903E7288BB90200B5DDF4 /* HomeViewController.swift in Sources */ = {isa = PBXBuildFile; fileRef = 4C7903E6288BB90200B5DDF4 /* HomeViewController.swift */; };
		4C7903E9288BB92100B5DDF4 /* Constants.swift in Sources */ = {isa = PBXBuildFile; fileRef = 4C7903E8288BB92100B5DDF4 /* Constants.swift */; };
/* End PBXBuildFile section */

/* Begin PBXFileReference section */
		4C2155292839DDBC000B1F1A /* ProyectoFinaliPhone.app */ = {isa = PBXFileReference; explicitFileType = wrapper.application; includeInIndex = 0; path = ProyectoFinaliPhone.app; sourceTree = BUILT_PRODUCTS_DIR; };
		4C21552C2839DDBC000B1F1A /* AppDelegate.swift */ = {isa = PBXFileReference; lastKnownFileType = sourcecode.swift; path = AppDelegate.swift; sourceTree = "<group>"; };
		4C21552E2839DDBC000B1F1A /* SceneDelegate.swift */ = {isa = PBXFileReference; lastKnownFileType = sourcecode.swift; path = SceneDelegate.swift; sourceTree = "<group>"; };
		4C2155332839DDBC000B1F1A /* Base */ = {isa = PBXFileReference; lastKnownFileType = file.storyboard; name = Base; path = Base.lproj/Main.storyboard; sourceTree = "<group>"; };
		4C2155352839DDBC000B1F1A /* Assets.xcassets */ = {isa = PBXFileReference; lastKnownFileType = folder.assetcatalog; path = Assets.xcassets; sourceTree = "<group>"; };
		4C2155382839DDBC000B1F1A /* Base */ = {isa = PBXFileReference; lastKnownFileType = file.storyboard; name = Base; path = Base.lproj/LaunchScreen.storyboard; sourceTree = "<group>"; };
		4C21553A2839DDBC000B1F1A /* Info.plist */ = {isa = PBXFileReference; lastKnownFileType = text.plist.xml; path = Info.plist; sourceTree = "<group>"; };
		4C2155402839E67D000B1F1A /* LoginViewController.swift */ = {isa = PBXFileReference; lastKnownFileType = sourcecode.swift; path = LoginViewController.swift; sourceTree = "<group>"; };
		4C3B1F43283A0821002845DD /* MailCodeViewController.swift */ = {isa = PBXFileReference; lastKnownFileType = sourcecode.swift; path = MailCodeViewController.swift; sourceTree = "<group>"; };
		4C3B1F45283A0876002845DD /* EnterMailViewController.swift */ = {isa = PBXFileReference; lastKnownFileType = sourcecode.swift; path = EnterMailViewController.swift; sourceTree = "<group>"; };
		4C3B1F47283A08F2002845DD /* PasswordChangeViewController.swift */ = {isa = PBXFileReference; lastKnownFileType = sourcecode.swift; path = PasswordChangeViewController.swift; sourceTree = "<group>"; };
		4C7903CE288B4A3500B5DDF4 /* NewRegisterViewController.swift */ = {isa = PBXFileReference; lastKnownFileType = sourcecode.swift; path = NewRegisterViewController.swift; sourceTree = "<group>"; };
		4C7903DC288B581700B5DDF4 /* GoogleService-Info.plist */ = {isa = PBXFileReference; fileEncoding = 4; lastKnownFileType = text.plist.xml; path = "GoogleService-Info.plist"; sourceTree = "<group>"; };
		4C7903E0288B6C3700B5DDF4 /* MainScreenViewController.swift */ = {isa = PBXFileReference; lastKnownFileType = sourcecode.swift; path = MainScreenViewController.swift; sourceTree = "<group>"; };
		4C7903E6288BB90200B5DDF4 /* HomeViewController.swift */ = {isa = PBXFileReference; lastKnownFileType = sourcecode.swift; path = HomeViewController.swift; sourceTree = "<group>"; };
		4C7903E8288BB92100B5DDF4 /* Constants.swift */ = {isa = PBXFileReference; lastKnownFileType = sourcecode.swift; path = Constants.swift; sourceTree = "<group>"; };
/* End PBXFileReference section */

/* Begin PBXFrameworksBuildPhase section */
		4C2155262839DDBC000B1F1A /* Frameworks */ = {
			isa = PBXFrameworksBuildPhase;
			buildActionMask = 2147483647;
			files = (
				4C7903D7288B54F900B5DDF4 /* FirebaseDatabase in Frameworks */,
				4C7903DB288B54F900B5DDF4 /* FirebaseStorage in Frameworks */,
				4C7903D5288B54F900B5DDF4 /* FirebaseAuth in Frameworks */,
				4C7903D9288B54F900B5DDF4 /* FirebaseFirestore in Frameworks */,
			);
			runOnlyForDeploymentPostprocessing = 0;
		};
/* End PBXFrameworksBuildPhase section */

/* Begin PBXGroup section */
		4C2155202839DDBC000B1F1A = {
			isa = PBXGroup;
			children = (
				4C21552B2839DDBC000B1F1A /* ProyectoFinaliPhone */,
				4C21552A2839DDBC000B1F1A /* Products */,
			);
			sourceTree = "<group>";
		};
		4C21552A2839DDBC000B1F1A /* Products */ = {
			isa = PBXGroup;
			children = (
				4C2155292839DDBC000B1F1A /* ProyectoFinaliPhone.app */,
			);
			name = Products;
			sourceTree = "<group>";
		};
		4C21552B2839DDBC000B1F1A /* ProyectoFinaliPhone */ = {
			isa = PBXGroup;
			children = (
				4C21552C2839DDBC000B1F1A /* AppDelegate.swift */,
				4C21552E2839DDBC000B1F1A /* SceneDelegate.swift */,
				4C2155322839DDBC000B1F1A /* Main.storyboard */,
				4C2155352839DDBC000B1F1A /* Assets.xcassets */,
				4C2155372839DDBC000B1F1A /* LaunchScreen.storyboard */,
				4C21553A2839DDBC000B1F1A /* Info.plist */,
				4C7903DC288B581700B5DDF4 /* GoogleService-Info.plist */,
				4C2155402839E67D000B1F1A /* LoginViewController.swift */,
				4C3B1F43283A0821002845DD /* MailCodeViewController.swift */,
				4C3B1F45283A0876002845DD /* EnterMailViewController.swift */,
				4C3B1F47283A08F2002845DD /* PasswordChangeViewController.swift */,
				4C7903CE288B4A3500B5DDF4 /* NewRegisterViewController.swift */,
				4C7903E0288B6C3700B5DDF4 /* MainScreenViewController.swift */,
				4C7903E6288BB90200B5DDF4 /* HomeViewController.swift */,
				4C7903E8288BB92100B5DDF4 /* Constants.swift */,
			);
			path = ProyectoFinaliPhone;
			sourceTree = "<group>";
		};
/* End PBXGroup section */

/* Begin PBXNativeTarget section */
		4C2155282839DDBC000B1F1A /* ProyectoFinaliPhone */ = {
			isa = PBXNativeTarget;
			buildConfigurationList = 4C21553D2839DDBC000B1F1A /* Build configuration list for PBXNativeTarget "ProyectoFinaliPhone" */;
			buildPhases = (
				4C2155252839DDBC000B1F1A /* Sources */,
				4C2155262839DDBC000B1F1A /* Frameworks */,
				4C2155272839DDBC000B1F1A /* Resources */,
			);
			buildRules = (
			);
			dependencies = (
			);
			name = ProyectoFinaliPhone;
			packageProductDependencies = (
				4C7903D4288B54F900B5DDF4 /* FirebaseAuth */,
				4C7903D6288B54F900B5DDF4 /* FirebaseDatabase */,
				4C7903D8288B54F900B5DDF4 /* FirebaseFirestore */,
				4C7903DA288B54F900B5DDF4 /* FirebaseStorage */,
			);
			productName = ProyectoFinaliPhone;
			productReference = 4C2155292839DDBC000B1F1A /* ProyectoFinaliPhone.app */;
			productType = "com.apple.product-type.application";
		};
/* End PBXNativeTarget section */

/* Begin PBXProject section */
		4C2155212839DDBC000B1F1A /* Project object */ = {
			isa = PBXProject;
			attributes = {
				BuildIndependentTargetsInParallel = 1;
				LastSwiftUpdateCheck = 1330;
				LastUpgradeCheck = 1330;
				TargetAttributes = {
					4C2155282839DDBC000B1F1A = {
						CreatedOnToolsVersion = 13.3.1;
					};
				};
			};
			buildConfigurationList = 4C2155242839DDBC000B1F1A /* Build configuration list for PBXProject "ProyectoFinaliPhone" */;
			compatibilityVersion = "Xcode 13.0";
			developmentRegion = en;
			hasScannedForEncodings = 0;
			knownRegions = (
				en,
				Base,
			);
			mainGroup = 4C2155202839DDBC000B1F1A;
			packageReferences = (
				4C7903D3288B54F900B5DDF4 /* XCRemoteSwiftPackageReference "firebase-ios-sdk" */,
			);
			productRefGroup = 4C21552A2839DDBC000B1F1A /* Products */;
			projectDirPath = "";
			projectRoot = "";
			targets = (
				4C2155282839DDBC000B1F1A /* ProyectoFinaliPhone */,
			);
		};
/* End PBXProject section */

/* Begin PBXResourcesBuildPhase section */
		4C2155272839DDBC000B1F1A /* Resources */ = {
			isa = PBXResourcesBuildPhase;
			buildActionMask = 2147483647;
			files = (
				4C2155392839DDBC000B1F1A /* LaunchScreen.storyboard in Resources */,
				4C7903DD288B581700B5DDF4 /* GoogleService-Info.plist in Resources */,
				4C2155362839DDBC000B1F1A /* Assets.xcassets in Resources */,
				4C2155342839DDBC000B1F1A /* Main.storyboard in Resources */,
			);
			runOnlyForDeploymentPostprocessing = 0;
		};
/* End PBXResourcesBuildPhase section */

/* Begin PBXSourcesBuildPhase section */
		4C2155252839DDBC000B1F1A /* Sources */ = {
			isa = PBXSourcesBuildPhase;
			buildActionMask = 2147483647;
			files = (
				4C2155412839E67D000B1F1A /* LoginViewController.swift in Sources */,
				4C7903CF288B4A3500B5DDF4 /* NewRegisterViewController.swift in Sources */,
				4C21552D2839DDBC000B1F1A /* AppDelegate.swift in Sources */,
				4C3B1F46283A0876002845DD /* EnterMailViewController.swift in Sources */,
				4C21552F2839DDBC000B1F1A /* SceneDelegate.swift in Sources */,
				4C7903E9288BB92100B5DDF4 /* Constants.swift in Sources */,
				4C7903E7288BB90200B5DDF4 /* HomeViewController.swift in Sources */,
				4C7903E1288B6C3700B5DDF4 /* MainScreenViewController.swift in Sources */,
				4C3B1F48283A08F2002845DD /* PasswordChangeViewController.swift in Sources */,
				4C3B1F44283A0821002845DD /* MailCodeViewController.swift in Sources */,
			);
			runOnlyForDeploymentPostprocessing = 0;
		};
/* End PBXSourcesBuildPhase section */

/* Begin PBXVariantGroup section */
		4C2155322839DDBC000B1F1A /* Main.storyboard */ = {
			isa = PBXVariantGroup;
			children = (
				4C2155332839DDBC000B1F1A /* Base */,
			);
			name = Main.storyboard;
			sourceTree = "<group>";
		};
		4C2155372839DDBC000B1F1A /* LaunchScreen.storyboard */ = {
			isa = PBXVariantGroup;
			children = (
				4C2155382839DDBC000B1F1A /* Base */,
			);
			name = LaunchScreen.storyboard;
			sourceTree = "<group>";
		};
/* End PBXVariantGroup section */

/* Begin XCBuildConfiguration section */
		4C21553B2839DDBC000B1F1A /* Debug */ = {
			isa = XCBuildConfiguration;
			buildSettings = {
				ALWAYS_SEARCH_USER_PATHS = NO;
				CLANG_ANALYZER_NONNULL = YES;
				CLANG_ANALYZER_NUMBER_OBJECT_CONVERSION = YES_AGGRESSIVE;
				CLANG_CXX_LANGUAGE_STANDARD = "gnu++17";
				CLANG_ENABLE_MODULES = YES;
				CLANG_ENABLE_OBJC_ARC = YES;
				CLANG_ENABLE_OBJC_WEAK = YES;
				CLANG_WARN_BLOCK_CAPTURE_AUTORELEASING = YES;
				CLANG_WARN_BOOL_CONVERSION = YES;
				CLANG_WARN_COMMA = YES;
				CLANG_WARN_CONSTANT_CONVERSION = YES;
				CLANG_WARN_DEPRECATED_OBJC_IMPLEMENTATIONS = YES;
				CLANG_WARN_DIRECT_OBJC_ISA_USAGE = YES_ERROR;
				CLANG_WARN_DOCUMENTATION_COMMENTS = YES;
				CLANG_WARN_EMPTY_BODY = YES;
				CLANG_WARN_ENUM_CONVERSION = YES;
				CLANG_WARN_INFINITE_RECURSION = YES;
				CLANG_WARN_INT_CONVERSION = YES;
				CLANG_WARN_NON_LITERAL_NULL_CONVERSION = YES;
				CLANG_WARN_OBJC_IMPLICIT_RETAIN_SELF = YES;
				CLANG_WARN_OBJC_LITERAL_CONVERSION = YES;
				CLANG_WARN_OBJC_ROOT_CLASS = YES_ERROR;
				CLANG_WARN_QUOTED_INCLUDE_IN_FRAMEWORK_HEADER = YES;
				CLANG_WARN_RANGE_LOOP_ANALYSIS = YES;
				CLANG_WARN_STRICT_PROTOTYPES = YES;
				CLANG_WARN_SUSPICIOUS_MOVE = YES;
				CLANG_WARN_UNGUARDED_AVAILABILITY = YES_AGGRESSIVE;
				CLANG_WARN_UNREACHABLE_CODE = YES;
				CLANG_WARN__DUPLICATE_METHOD_MATCH = YES;
				COPY_PHASE_STRIP = NO;
				DEBUG_INFORMATION_FORMAT = dwarf;
				ENABLE_STRICT_OBJC_MSGSEND = YES;
				ENABLE_TESTABILITY = YES;
				GCC_C_LANGUAGE_STANDARD = gnu11;
				GCC_DYNAMIC_NO_PIC = NO;
				GCC_NO_COMMON_BLOCKS = YES;
				GCC_OPTIMIZATION_LEVEL = 0;
				GCC_PREPROCESSOR_DEFINITIONS = (
					"DEBUG=1",
					"$(inherited)",
				);
				GCC_WARN_64_TO_32_BIT_CONVERSION = YES;
				GCC_WARN_ABOUT_RETURN_TYPE = YES_ERROR;
				GCC_WARN_UNDECLARED_SELECTOR = YES;
				GCC_WARN_UNINITIALIZED_AUTOS = YES_AGGRESSIVE;
				GCC_WARN_UNUSED_FUNCTION = YES;
				GCC_WARN_UNUSED_VARIABLE = YES;
				IPHONEOS_DEPLOYMENT_TARGET = 15.4;
				MTL_ENABLE_DEBUG_INFO = INCLUDE_SOURCE;
				MTL_FAST_MATH = YES;
				ONLY_ACTIVE_ARCH = YES;
				SDKROOT = iphoneos;
				SWIFT_ACTIVE_COMPILATION_CONDITIONS = DEBUG;
				SWIFT_OPTIMIZATION_LEVEL = "-Onone";
			};
			name = Debug;
		};
		4C21553C2839DDBC000B1F1A /* Release */ = {
			isa = XCBuildConfiguration;
			buildSettings = {
				ALWAYS_SEARCH_USER_PATHS = NO;
				CLANG_ANALYZER_NONNULL = YES;
				CLANG_ANALYZER_NUMBER_OBJECT_CONVERSION = YES_AGGRESSIVE;
				CLANG_CXX_LANGUAGE_STANDARD = "gnu++17";
				CLANG_ENABLE_MODULES = YES;
				CLANG_ENABLE_OBJC_ARC = YES;
				CLANG_ENABLE_OBJC_WEAK = YES;
				CLANG_WARN_BLOCK_CAPTURE_AUTORELEASING = YES;
				CLANG_WARN_BOOL_CONVERSION = YES;
				CLANG_WARN_COMMA = YES;
				CLANG_WARN_CONSTANT_CONVERSION = YES;
				CLANG_WARN_DEPRECATED_OBJC_IMPLEMENTATIONS = YES;
				CLANG_WARN_DIRECT_OBJC_ISA_USAGE = YES_ERROR;
				CLANG_WARN_DOCUMENTATION_COMMENTS = YES;
				CLANG_WARN_EMPTY_BODY = YES;
				CLANG_WARN_ENUM_CONVERSION = YES;
				CLANG_WARN_INFINITE_RECURSION = YES;
				CLANG_WARN_INT_CONVERSION = YES;
				CLANG_WARN_NON_LITERAL_NULL_CONVERSION = YES;
				CLANG_WARN_OBJC_IMPLICIT_RETAIN_SELF = YES;
				CLANG_WARN_OBJC_LITERAL_CONVERSION = YES;
				CLANG_WARN_OBJC_ROOT_CLASS = YES_ERROR;
				CLANG_WARN_QUOTED_INCLUDE_IN_FRAMEWORK_HEADER = YES;
				CLANG_WARN_RANGE_LOOP_ANALYSIS = YES;
				CLANG_WARN_STRICT_PROTOTYPES = YES;
				CLANG_WARN_SUSPICIOUS_MOVE = YES;
				CLANG_WARN_UNGUARDED_AVAILABILITY = YES_AGGRESSIVE;
				CLANG_WARN_UNREACHABLE_CODE = YES;
				CLANG_WARN__DUPLICATE_METHOD_MATCH = YES;
				COPY_PHASE_STRIP = NO;
				DEBUG_INFORMATION_FORMAT = "dwarf-with-dsym";
				ENABLE_NS_ASSERTIONS = NO;
				ENABLE_STRICT_OBJC_MSGSEND = YES;
				GCC_C_LANGUAGE_STANDARD = gnu11;
				GCC_NO_COMMON_BLOCKS = YES;
				GCC_WARN_64_TO_32_BIT_CONVERSION = YES;
				GCC_WARN_ABOUT_RETURN_TYPE = YES_ERROR;
				GCC_WARN_UNDECLARED_SELECTOR = YES;
				GCC_WARN_UNINITIALIZED_AUTOS = YES_AGGRESSIVE;
				GCC_WARN_UNUSED_FUNCTION = YES;
				GCC_WARN_UNUSED_VARIABLE = YES;
				IPHONEOS_DEPLOYMENT_TARGET = 15.4;
				MTL_ENABLE_DEBUG_INFO = NO;
				MTL_FAST_MATH = YES;
				SDKROOT = iphoneos;
				SWIFT_COMPILATION_MODE = wholemodule;
				SWIFT_OPTIMIZATION_LEVEL = "-O";
				VALIDATE_PRODUCT = YES;
			};
			name = Release;
		};
		4C21553E2839DDBC000B1F1A /* Debug */ = {
			isa = XCBuildConfiguration;
			buildSettings = {
				ASSETCATALOG_COMPILER_APPICON_NAME = AppIcon;
				ASSETCATALOG_COMPILER_GLOBAL_ACCENT_COLOR_NAME = AccentColor;
				CODE_SIGN_STYLE = Automatic;
				CURRENT_PROJECT_VERSION = 1;
				GENERATE_INFOPLIST_FILE = YES;
				INFOPLIST_FILE = ProyectoFinaliPhone/Info.plist;
				INFOPLIST_KEY_UIApplicationSupportsIndirectInputEvents = YES;
				INFOPLIST_KEY_UILaunchStoryboardName = LaunchScreen;
				INFOPLIST_KEY_UIMainStoryboardFile = Main;
				INFOPLIST_KEY_UISupportedInterfaceOrientations_iPad = "UIInterfaceOrientationPortrait UIInterfaceOrientationPortraitUpsideDown UIInterfaceOrientationLandscapeLeft UIInterfaceOrientationLandscapeRight";
				INFOPLIST_KEY_UISupportedInterfaceOrientations_iPhone = "UIInterfaceOrientationPortrait UIInterfaceOrientationLandscapeLeft UIInterfaceOrientationLandscapeRight";
				LD_RUNPATH_SEARCH_PATHS = (
					"$(inherited)",
					"@executable_path/Frameworks",
				);
				MARKETING_VERSION = 1.0;
				PRODUCT_BUNDLE_IDENTIFIER = games.wildcat.ProyectoFinaliPhone;
				PRODUCT_NAME = "$(TARGET_NAME)";
				SWIFT_EMIT_LOC_STRINGS = YES;
				SWIFT_VERSION = 5.0;
				TARGETED_DEVICE_FAMILY = "1,2";
			};
			name = Debug;
		};
		4C21553F2839DDBD000B1F1A /* Release */ = {
			isa = XCBuildConfiguration;
			buildSettings = {
				ASSETCATALOG_COMPILER_APPICON_NAME = AppIcon;
				ASSETCATALOG_COMPILER_GLOBAL_ACCENT_COLOR_NAME = AccentColor;
				CODE_SIGN_STYLE = Automatic;
				CURRENT_PROJECT_VERSION = 1;
				GENERATE_INFOPLIST_FILE = YES;
				INFOPLIST_FILE = ProyectoFinaliPhone/Info.plist;
				INFOPLIST_KEY_UIApplicationSupportsIndirectInputEvents = YES;
				INFOPLIST_KEY_UILaunchStoryboardName = LaunchScreen;
				INFOPLIST_KEY_UIMainStoryboardFile = Main;
				INFOPLIST_KEY_UISupportedInterfaceOrientations_iPad = "UIInterfaceOrientationPortrait UIInterfaceOrientationPortraitUpsideDown UIInterfaceOrientationLandscapeLeft UIInterfaceOrientationLandscapeRight";
				INFOPLIST_KEY_UISupportedInterfaceOrientations_iPhone = "UIInterfaceOrientationPortrait UIInterfaceOrientationLandscapeLeft UIInterfaceOrientationLandscapeRight";
				LD_RUNPATH_SEARCH_PATHS = (
					"$(inherited)",
					"@executable_path/Frameworks",
				);
				MARKETING_VERSION = 1.0;
				PRODUCT_BUNDLE_IDENTIFIER = games.wildcat.ProyectoFinaliPhone;
				PRODUCT_NAME = "$(TARGET_NAME)";
				SWIFT_EMIT_LOC_STRINGS = YES;
				SWIFT_VERSION = 5.0;
				TARGETED_DEVICE_FAMILY = "1,2";
			};
			name = Release;
		};
/* End XCBuildConfiguration section */

/* Begin XCConfigurationList section */
		4C2155242839DDBC000B1F1A /* Build configuration list for PBXProject "ProyectoFinaliPhone" */ = {
			isa = XCConfigurationList;
			buildConfigurations = (
				4C21553B2839DDBC000B1F1A /* Debug */,
				4C21553C2839DDBC000B1F1A /* Release */,
			);
			defaultConfigurationIsVisible = 0;
			defaultConfigurationName = Release;
		};
		4C21553D2839DDBC000B1F1A /* Build configuration list for PBXNativeTarget "ProyectoFinaliPhone" */ = {
			isa = XCConfigurationList;
			buildConfigurations = (
				4C21553E2839DDBC000B1F1A /* Debug */,
				4C21553F2839DDBD000B1F1A /* Release */,
			);
			defaultConfigurationIsVisible = 0;
			defaultConfigurationName = Release;
		};
/* End XCConfigurationList section */

/* Begin XCRemoteSwiftPackageReference section */
		4C7903D3288B54F900B5DDF4 /* XCRemoteSwiftPackageReference "firebase-ios-sdk" */ = {
			isa = XCRemoteSwiftPackageReference;
			repositoryURL = "https://github.com/firebase/firebase-ios-sdk";
			requirement = {
				kind = upToNextMajorVersion;
				minimumVersion = 9.0.0;
			};
		};
/* End XCRemoteSwiftPackageReference section */

/* Begin XCSwiftPackageProductDependency section */
		4C7903D4288B54F900B5DDF4 /* FirebaseAuth */ = {
			isa = XCSwiftPackageProductDependency;
			package = 4C7903D3288B54F900B5DDF4 /* XCRemoteSwiftPackageReference "firebase-ios-sdk" */;
			productName = FirebaseAuth;
		};
		4C7903D6288B54F900B5DDF4 /* FirebaseDatabase */ = {
			isa = XCSwiftPackageProductDependency;
			package = 4C7903D3288B54F900B5DDF4 /* XCRemoteSwiftPackageReference "firebase-ios-sdk" */;
			productName = FirebaseDatabase;
		};
		4C7903D8288B54F900B5DDF4 /* FirebaseFirestore */ = {
			isa = XCSwiftPackageProductDependency;
			package = 4C7903D3288B54F900B5DDF4 /* XCRemoteSwiftPackageReference "firebase-ios-sdk" */;
			productName = FirebaseFirestore;
		};
		4C7903DA288B54F900B5DDF4 /* FirebaseStorage */ = {
			isa = XCSwiftPackageProductDependency;
			package = 4C7903D3288B54F900B5DDF4 /* XCRemoteSwiftPackageReference "firebase-ios-sdk" */;
			productName = FirebaseStorage;
		};
/* End XCSwiftPackageProductDependency section */
	};
	rootObject = 4C2155212839DDBC000B1F1A /* Project object */;
}
